{
    "_meta": {
        "hash": {
            "sha256": "cf485c889e67b281e610c8ea74cb2ba0e386401fdb464682051cab9720e05f94"
        },
        "pipfile-spec": 6,
        "requires": {
            "python_version": "3.7"
        },
        "sources": [
            {
                "name": "pypi",
                "url": "https://pypi.org/simple",
                "verify_ssl": true
            }
        ]
    },
    "default": {
        "flloat": {
            "git": "https://github.com/marcofavorito/flloat.git",
            "ref": "aa29e013ba1701b1f70aad18b27dd5cd4f884f2c"
        }
    },
    "develop": {}
}
